// !$*UTF8*$!
{
	archiveVersion = 1;
	classes = {
	};
	objectVersion = 50;
	objects = {

/* Begin PBXBuildFile section */
		D0FBE8C42625041C0053E289 /* AppDelegate.swift in Sources */ = {isa = PBXBuildFile; fileRef = D0FBE8C32625041C0053E289 /* AppDelegate.swift */; };
		D0FBE8C62625041C0053E289 /* ViewController.swift in Sources */ = {isa = PBXBuildFile; fileRef = D0FBE8C52625041C0053E289 /* ViewController.swift */; };
		D0FBE8C92625041C0053E289 /* Main.storyboard in Resources */ = {isa = PBXBuildFile; fileRef = D0FBE8C72625041C0053E289 /* Main.storyboard */; };
		D0FBE8CB2625041E0053E289 /* Assets.xcassets in Resources */ = {isa = PBXBuildFile; fileRef = D0FBE8CA2625041E0053E289 /* Assets.xcassets */; };
		D0FBE8CE2625041E0053E289 /* LaunchScreen.storyboard in Resources */ = {isa = PBXBuildFile; fileRef = D0FBE8CC2625041E0053E289 /* LaunchScreen.storyboard */; };
		D0FBE8F926250A780053E289 /* ConnectButton.swift in Sources */ = {isa = PBXBuildFile; fileRef = D0FBE8F826250A780053E289 /* ConnectButton.swift */; };
		D0FBE8FA26250C8B0053E289 /* SpotifyiOS.framework in Frameworks */ = {isa = PBXBuildFile; fileRef = D0FBE8D82625046E0053E289 /* SpotifyiOS.framework */; };
/* End PBXBuildFile section */

/* Begin PBXFileReference section */
		D0FBE8C02625041C0053E289 /* Mashed.mp3.app */ = {isa = PBXFileReference; explicitFileType = wrapper.application; includeInIndex = 0; path = Mashed.mp3.app; sourceTree = BUILT_PRODUCTS_DIR; };
		D0FBE8C32625041C0053E289 /* AppDelegate.swift */ = {isa = PBXFileReference; lastKnownFileType = sourcecode.swift; path = AppDelegate.swift; sourceTree = "<group>"; };
		D0FBE8C52625041C0053E289 /* ViewController.swift */ = {isa = PBXFileReference; lastKnownFileType = sourcecode.swift; path = ViewController.swift; sourceTree = "<group>"; };
		D0FBE8C82625041C0053E289 /* Base */ = {isa = PBXFileReference; lastKnownFileType = file.storyboard; name = Base; path = Base.lproj/Main.storyboard; sourceTree = "<group>"; };
		D0FBE8CA2625041E0053E289 /* Assets.xcassets */ = {isa = PBXFileReference; lastKnownFileType = folder.assetcatalog; path = Assets.xcassets; sourceTree = "<group>"; };
		D0FBE8CD2625041E0053E289 /* Base */ = {isa = PBXFileReference; lastKnownFileType = file.storyboard; name = Base; path = Base.lproj/LaunchScreen.storyboard; sourceTree = "<group>"; };
		D0FBE8CF2625041E0053E289 /* Info.plist */ = {isa = PBXFileReference; lastKnownFileType = text.plist.xml; path = Info.plist; sourceTree = "<group>"; };
		D0FBE8D82625046E0053E289 /* SpotifyiOS.framework */ = {isa = PBXFileReference; lastKnownFileType = wrapper.framework; path = SpotifyiOS.framework; sourceTree = "<group>"; };
		D0FBE8D9262505CF0053E289 /* Mashed.mp3-Bridging-Header.h */ = {isa = PBXFileReference; lastKnownFileType = sourcecode.c.h; path = "Mashed.mp3-Bridging-Header.h"; sourceTree = "<group>"; };
		D0FBE8F826250A780053E289 /* ConnectButton.swift */ = {isa = PBXFileReference; lastKnownFileType = sourcecode.swift; path = ConnectButton.swift; sourceTree = "<group>"; };
/* End PBXFileReference section */

/* Begin PBXFrameworksBuildPhase section */
		D0FBE8BD2625041C0053E289 /* Frameworks */ = {
			isa = PBXFrameworksBuildPhase;
			buildActionMask = 2147483647;
			files = (
				D0FBE8FA26250C8B0053E289 /* SpotifyiOS.framework in Frameworks */,
			);
			runOnlyForDeploymentPostprocessing = 0;
		};
/* End PBXFrameworksBuildPhase section */

/* Begin PBXGroup section */
		D0FBE8B72625041C0053E289 = {
			isa = PBXGroup;
			children = (
				D0FBE8D7262504650053E289 /* Frameworks */,
				D0FBE8C22625041C0053E289 /* Mashed.mp3 */,
				D0FBE8C12625041C0053E289 /* Products */,
			);
			sourceTree = "<group>";
		};
		D0FBE8C12625041C0053E289 /* Products */ = {
			isa = PBXGroup;
			children = (
				D0FBE8C02625041C0053E289 /* Mashed.mp3.app */,
			);
			name = Products;
			sourceTree = "<group>";
		};
		D0FBE8C22625041C0053E289 /* Mashed.mp3 */ = {
			isa = PBXGroup;
			children = (
				D0FBE8C32625041C0053E289 /* AppDelegate.swift */,
				D0FBE8C52625041C0053E289 /* ViewController.swift */,
				D0FBE8C72625041C0053E289 /* Main.storyboard */,
				D0FBE8CA2625041E0053E289 /* Assets.xcassets */,
				D0FBE8CC2625041E0053E289 /* LaunchScreen.storyboard */,
				D0FBE8CF2625041E0053E289 /* Info.plist */,
				D0FBE8D9262505CF0053E289 /* Mashed.mp3-Bridging-Header.h */,
				D0FBE8F826250A780053E289 /* ConnectButton.swift */,
			);
			path = Mashed.mp3;
			sourceTree = "<group>";
		};
		D0FBE8D7262504650053E289 /* Frameworks */ = {
			isa = PBXGroup;
			children = (
				D0FBE8D82625046E0053E289 /* SpotifyiOS.framework */,
			);
			path = Frameworks;
			sourceTree = "<group>";
		};
/* End PBXGroup section */

/* Begin PBXNativeTarget section */
		D0FBE8BF2625041C0053E289 /* Mashed.mp3 */ = {
			isa = PBXNativeTarget;
			buildConfigurationList = D0FBE8D22625041E0053E289 /* Build configuration list for PBXNativeTarget "Mashed.mp3" */;
			buildPhases = (
				D0FBE8BC2625041C0053E289 /* Sources */,
				D0FBE8BD2625041C0053E289 /* Frameworks */,
				D0FBE8BE2625041C0053E289 /* Resources */,
			);
			buildRules = (
			);
			dependencies = (
			);
			name = Mashed.mp3;
			productName = Mashed.mp3;
			productReference = D0FBE8C02625041C0053E289 /* Mashed.mp3.app */;
			productType = "com.apple.product-type.application";
		};
/* End PBXNativeTarget section */

/* Begin PBXProject section */
		D0FBE8B82625041C0053E289 /* Project object */ = {
			isa = PBXProject;
			attributes = {
				LastSwiftUpdateCheck = 1000;
				LastUpgradeCheck = 1000;
				ORGANIZATIONNAME = "Macbook Air";
				TargetAttributes = {
					D0FBE8BF2625041C0053E289 = {
						CreatedOnToolsVersion = 10.0;
					};
				};
			};
			buildConfigurationList = D0FBE8BB2625041C0053E289 /* Build configuration list for PBXProject "Mashed.mp3" */;
			compatibilityVersion = "Xcode 9.3";
			developmentRegion = en;
			hasScannedForEncodings = 0;
			knownRegions = (
				en,
				Base,
			);
			mainGroup = D0FBE8B72625041C0053E289;
			productRefGroup = D0FBE8C12625041C0053E289 /* Products */;
			projectDirPath = "";
			projectRoot = "";
			targets = (
				D0FBE8BF2625041C0053E289 /* Mashed.mp3 */,
			);
		};
/* End PBXProject section */

/* Begin PBXResourcesBuildPhase section */
		D0FBE8BE2625041C0053E289 /* Resources */ = {
			isa = PBXResourcesBuildPhase;
			buildActionMask = 2147483647;
			files = (
				D0FBE8CE2625041E0053E289 /* LaunchScreen.storyboard in Resources */,
				D0FBE8CB2625041E0053E289 /* Assets.xcassets in Resources */,
				D0FBE8C92625041C0053E289 /* Main.storyboard in Resources */,
			);
			runOnlyForDeploymentPostprocessing = 0;
		};
/* End PBXResourcesBuildPhase section */

/* Begin PBXSourcesBuildPhase section */
		D0FBE8BC2625041C0053E289 /* Sources */ = {
			isa = PBXSourcesBuildPhase;
			buildActionMask = 2147483647;
			files = (
				D0FBE8F926250A780053E289 /* ConnectButton.swift in Sources */,
				D0FBE8C62625041C0053E289 /* ViewController.swift in Sources */,
				D0FBE8C42625041C0053E289 /* AppDelegate.swift in Sources */,
			);
			runOnlyForDeploymentPostprocessing = 0;
		};
/* End PBXSourcesBuildPhase section */

/* Begin PBXVariantGroup section */
		D0FBE8C72625041C0053E289 /* Main.storyboard */ = {
			isa = PBXVariantGroup;
			children = (
				D0FBE8C82625041C0053E289 /* Base */,
			);
			name = Main.storyboard;
			sourceTree = "<group>";
		};
		D0FBE8CC2625041E0053E289 /* LaunchScreen.storyboard */ = {
			isa = PBXVariantGroup;
			children = (
				D0FBE8CD2625041E0053E289 /* Base */,
			);
			name = LaunchScreen.storyboard;
			sourceTree = "<group>";
		};
/* End PBXVariantGroup section */

/* Begin XCBuildConfiguration section */
		D0FBE8D02625041E0053E289 /* Debug */ = {
			isa = XCBuildConfiguration;
			buildSettings = {
				ALWAYS_SEARCH_USER_PATHS = NO;
				CLANG_ANALYZER_NONNULL = YES;
				CLANG_ANALYZER_NUMBER_OBJECT_CONVERSION = YES_AGGRESSIVE;
				CLANG_CXX_LANGUAGE_STANDARD = "gnu++14";
				CLANG_CXX_LIBRARY = "libc++";
				CLANG_ENABLE_MODULES = YES;
				CLANG_ENABLE_OBJC_ARC = YES;
				CLANG_ENABLE_OBJC_WEAK = YES;
				CLANG_WARN_BLOCK_CAPTURE_AUTORELEASING = YES;
				CLANG_WARN_BOOL_CONVERSION = YES;
				CLANG_WARN_COMMA = YES;
				CLANG_WARN_CONSTANT_CONVERSION = YES;
				CLANG_WARN_DEPRECATED_OBJC_IMPLEMENTATIONS = YES;
				CLANG_WARN_DIRECT_OBJC_ISA_USAGE = YES_ERROR;
				CLANG_WARN_DOCUMENTATION_COMMENTS = YES;
				CLANG_WARN_EMPTY_BODY = YES;
				CLANG_WARN_ENUM_CONVERSION = YES;
				CLANG_WARN_INFINITE_RECURSION = YES;
				CLANG_WARN_INT_CONVERSION = YES;
				CLANG_WARN_NON_LITERAL_NULL_CONVERSION = YES;
				CLANG_WARN_OBJC_IMPLICIT_RETAIN_SELF = YES;
				CLANG_WARN_OBJC_LITERAL_CONVERSION = YES;
				CLANG_WARN_OBJC_ROOT_CLASS = YES_ERROR;
				CLANG_WARN_RANGE_LOOP_ANALYSIS = YES;
				CLANG_WARN_STRICT_PROTOTYPES = YES;
				CLANG_WARN_SUSPICIOUS_MOVE = YES;
				CLANG_WARN_UNGUARDED_AVAILABILITY = YES_AGGRESSIVE;
				CLANG_WARN_UNREACHABLE_CODE = YES;
				CLANG_WARN__DUPLICATE_METHOD_MATCH = YES;
				CODE_SIGN_IDENTITY = "iPhone Developer";
				COPY_PHASE_STRIP = NO;
				DEBUG_INFORMATION_FORMAT = dwarf;
				ENABLE_STRICT_OBJC_MSGSEND = YES;
				ENABLE_TESTABILITY = YES;
				GCC_C_LANGUAGE_STANDARD = gnu11;
				GCC_DYNAMIC_NO_PIC = NO;
				GCC_NO_COMMON_BLOCKS = YES;
				GCC_OPTIMIZATION_LEVEL = 0;
				GCC_PREPROCESSOR_DEFINITIONS = (
					"DEBUG=1",
					"$(inherited)",
				);
				GCC_WARN_64_TO_32_BIT_CONVERSION = YES;
				GCC_WARN_ABOUT_RETURN_TYPE = YES_ERROR;
				GCC_WARN_UNDECLARED_SELECTOR = YES;
				GCC_WARN_UNINITIALIZED_AUTOS = YES_AGGRESSIVE;
				GCC_WARN_UNUSED_FUNCTION = YES;
				GCC_WARN_UNUSED_VARIABLE = YES;
				IPHONEOS_DEPLOYMENT_TARGET = 12.0;
				MTL_ENABLE_DEBUG_INFO = INCLUDE_SOURCE;
				MTL_FAST_MATH = YES;
				ONLY_ACTIVE_ARCH = YES;
				SDKROOT = iphoneos;
				SWIFT_ACTIVE_COMPILATION_CONDITIONS = DEBUG;
				SWIFT_OPTIMIZATION_LEVEL = "-Onone";
			};
			name = Debug;
		};
		D0FBE8D12625041E0053E289 /* Release */ = {
			isa = XCBuildConfiguration;
			buildSettings = {
				ALWAYS_SEARCH_USER_PATHS = NO;
				CLANG_ANALYZER_NONNULL = YES;
				CLANG_ANALYZER_NUMBER_OBJECT_CONVERSION = YES_AGGRESSIVE;
				CLANG_CXX_LANGUAGE_STANDARD = "gnu++14";
				CLANG_CXX_LIBRARY = "libc++";
				CLANG_ENABLE_MODULES = YES;
				CLANG_ENABLE_OBJC_ARC = YES;
				CLANG_ENABLE_OBJC_WEAK = YES;
				CLANG_WARN_BLOCK_CAPTURE_AUTORELEASING = YES;
				CLANG_WARN_BOOL_CONVERSION = YES;
				CLANG_WARN_COMMA = YES;
				CLANG_WARN_CONSTANT_CONVERSION = YES;
				CLANG_WARN_DEPRECATED_OBJC_IMPLEMENTATIONS = YES;
				CLANG_WARN_DIRECT_OBJC_ISA_USAGE = YES_ERROR;
				CLANG_WARN_DOCUMENTATION_COMMENTS = YES;
				CLANG_WARN_EMPTY_BODY = YES;
				CLANG_WARN_ENUM_CONVERSION = YES;
				CLANG_WARN_INFINITE_RECURSION = YES;
				CLANG_WARN_INT_CONVERSION = YES;
				CLANG_WARN_NON_LITERAL_NULL_CONVERSION = YES;
				CLANG_WARN_OBJC_IMPLICIT_RETAIN_SELF = YES;
				CLANG_WARN_OBJC_LITERAL_CONVERSION = YES;
				CLANG_WARN_OBJC_ROOT_CLASS = YES_ERROR;
				CLANG_WARN_RANGE_LOOP_ANALYSIS = YES;
				CLANG_WARN_STRICT_PROTOTYPES = YES;
				CLANG_WARN_SUSPICIOUS_MOVE = YES;
				CLANG_WARN_UNGUARDED_AVAILABILITY = YES_AGGRESSIVE;
				CLANG_WARN_UNREACHABLE_CODE = YES;
				CLANG_WARN__DUPLICATE_METHOD_MATCH = YES;
				CODE_SIGN_IDENTITY = "iPhone Developer";
				COPY_PHASE_STRIP = NO;
				DEBUG_INFORMATION_FORMAT = "dwarf-with-dsym";
				ENABLE_NS_ASSERTIONS = NO;
				ENABLE_STRICT_OBJC_MSGSEND = YES;
				GCC_C_LANGUAGE_STANDARD = gnu11;
				GCC_NO_COMMON_BLOCKS = YES;
				GCC_WARN_64_TO_32_BIT_CONVERSION = YES;
				GCC_WARN_ABOUT_RETURN_TYPE = YES_ERROR;
				GCC_WARN_UNDECLARED_SELECTOR = YES;
				GCC_WARN_UNINITIALIZED_AUTOS = YES_AGGRESSIVE;
				GCC_WARN_UNUSED_FUNCTION = YES;
				GCC_WARN_UNUSED_VARIABLE = YES;
				IPHONEOS_DEPLOYMENT_TARGET = 12.0;
				MTL_ENABLE_DEBUG_INFO = NO;
				MTL_FAST_MATH = YES;
				SDKROOT = iphoneos;
				SWIFT_COMPILATION_MODE = wholemodule;
				SWIFT_OPTIMIZATION_LEVEL = "-O";
				VALIDATE_PRODUCT = YES;
			};
			name = Release;
		};
		D0FBE8D32625041E0053E289 /* Debug */ = {
			isa = XCBuildConfiguration;
			buildSettings = {
				ASSETCATALOG_COMPILER_APPICON_NAME = AppIcon;
				CODE_SIGN_STYLE = Automatic;
				DEVELOPMENT_TEAM = 5ZHDD269PY;
				FRAMEWORK_SEARCH_PATHS = (
					"$(inherited)",
					"$(PROJECT_DIR)/Frameworks",
				);
				INFOPLIST_FILE = Mashed.mp3/Info.plist;
				LD_RUNPATH_SEARCH_PATHS = (
					"$(inherited)",
					"@executable_path/Frameworks",
				);
				OTHER_LDFLAGS = "-ObjC";
				PRODUCT_BUNDLE_IDENTIFIER = "com.Mashed-mp3";
				PRODUCT_NAME = "$(TARGET_NAME)";
				SWIFT_OBJC_BRIDGING_HEADER = "./Mashed.mp3/Mashed.mp3-Bridging-Header.h";
				SWIFT_VERSION = 4.2;
				TARGETED_DEVICE_FAMILY = "1,2";
			};
			name = Debug;
		};
		D0FBE8D42625041E0053E289 /* Release */ = {
			isa = XCBuildConfiguration;
			buildSettings = {
				ASSETCATALOG_COMPILER_APPICON_NAME = AppIcon;
				CODE_SIGN_STYLE = Automatic;
				DEVELOPMENT_TEAM = 5ZHDD269PY;
				FRAMEWORK_SEARCH_PATHS = (
					"$(inherited)",
					"$(PROJECT_DIR)/Frameworks",
				);
				INFOPLIST_FILE = Mashed.mp3/Info.plist;
				LD_RUNPATH_SEARCH_PATHS = (
					"$(inherited)",
					"@executable_path/Frameworks",
				);
				OTHER_LDFLAGS = "-ObjC";
				PRODUCT_BUNDLE_IDENTIFIER = "com.Mashed-mp3";
				PRODUCT_NAME = "$(TARGET_NAME)";
				SWIFT_OBJC_BRIDGING_HEADER = "./Mashed.mp3/Mashed.mp3-Bridging-Header.h";
				SWIFT_VERSION = 4.2;
				TARGETED_DEVICE_FAMILY = "1,2";
			};
			name = Release;
		};
/* End XCBuildConfiguration section */

/* Begin XCConfigurationList section */
		D0FBE8BB2625041C0053E289 /* Build configuration list for PBXProject "Mashed.mp3" */ = {
			isa = XCConfigurationList;
			buildConfigurations = (
				D0FBE8D02625041E0053E289 /* Debug */,
				D0FBE8D12625041E0053E289 /* Release */,
			);
			defaultConfigurationIsVisible = 0;
			defaultConfigurationName = Release;
		};
		D0FBE8D22625041E0053E289 /* Build configuration list for PBXNativeTarget "Mashed.mp3" */ = {
			isa = XCConfigurationList;
			buildConfigurations = (
				D0FBE8D32625041E0053E289 /* Debug */,
				D0FBE8D42625041E0053E289 /* Release */,
			);
			defaultConfigurationIsVisible = 0;
			defaultConfigurationName = Release;
		};
/* End XCConfigurationList section */
	};
	rootObject = D0FBE8B82625041C0053E289 /* Project object */;
}
